#MicroXplorer Configuration settings - do not modify
Mcu.Family=STM32F4
ProjectManager.MainLocation=Core/Src
ProjectManager.ProjectFileName=double_BUF.ioc
Dma.ADC1.0.Instance=DMA2_Stream0
RCC.CortexFreq_Value=168000000
ADC1.Rank-0\#ChannelRegularConversion=1
ProjectManager.KeepUserCode=true
Mcu.UserName=STM32F407VGTx
Mcu.PinsNb=4
VP_ADC1_TempSens_Input.Mode=IN-TempSens
ADC1.ContinuousConvMode=ENABLE
ProjectManager.NoMain=false
ADC1.IPParameters=Rank-0\#ChannelRegularConversion,master,Channel-0\#ChannelRegularConversion,SamplingTime-0\#ChannelRegularConversion,NbrOfConversionFlag,ContinuousConvMode,DMAContinuousRequests,Resolution,NbrOfConversion
RCC.PLLCLKFreq_Value=168000000
RCC.PLLQCLKFreq_Value=48000000
ProjectManager.functionlistsort=1-MX_DMA_Init-DMA-false-HAL-true,2-SystemClock_Config-RCC-false-HAL-false,3-MX_ADC1_Init-ADC1-false-HAL-true
RCC.RTCFreq_Value=32000
ProjectManager.DefaultFWLocation=true
ProjectManager.DeletePrevious=true
RCC.APB1CLKDivider=RCC_HCLK_DIV4
boardIOC=true
PinOutPanel.RotationAngle=0
RCC.FamilyName=M
RCC.SYSCLKSource=RCC_SYSCLKSOURCE_PLLCLK
ProjectManager.StackSize=0x400
PD13.Signal=GPIO_Output
Mcu.IP4=SYS
RCC.FCLKCortexFreq_Value=168000000
NVIC.SVCall_IRQn=true\:0\:0\:false\:false\:true\:true\:false
Mcu.IP2=NVIC
PD13.Locked=true
Mcu.IP3=RCC
Mcu.IP0=ADC1
Dma.ADC1.0.PeriphDataAlignment=DMA_PDATAALIGN_HALFWORD
Mcu.IP1=DMA
Mcu.UserConstants=
ProjectManager.TargetToolchain=STM32CubeIDE
Dma.ADC1.0.Mode=DMA_CIRCULAR
Mcu.ThirdPartyNb=0
RCC.HCLKFreq_Value=168000000
Mcu.IPNb=5
ADC1.Resolution=ADC_RESOLUTION_8B
RCC.I2SClocksFreq_Value=192000000
ProjectManager.PreviousToolchain=
Dma.ADC1.0.Priority=DMA_PRIORITY_HIGH
RCC.APB2TimFreq_Value=168000000
Dma.ADC1.0.Direction=DMA_PERIPH_TO_MEMORY
RCC.VcooutputI2S=192000000
NVIC.DMA2_Stream0_IRQn=true\:0\:0\:false\:false\:true\:false\:true
ProjectManager.RegisterCallBack=
Dma.ADC1.0.MemDataAlignment=DMA_MDATAALIGN_HALFWORD
RCC.AHBFreq_Value=168000000
Mcu.Pin0=PD13
Mcu.Pin1=PD14
Mcu.Pin2=VP_ADC1_TempSens_Input
Mcu.Pin3=VP_SYS_VS_Systick
RCC.VCOI2SOutputFreq_Value=384000000
ADC1.Channel-0\#ChannelRegularConversion=ADC_CHANNEL_TEMPSENSOR
ProjectManager.ProjectBuild=false
RCC.HSE_VALUE=8000000
NVIC.UsageFault_IRQn=true\:0\:0\:false\:false\:true\:true\:false
NVIC.DebugMonitor_IRQn=true\:0\:0\:false\:false\:true\:true\:false
board=STM32F407G-DISC1
RCC.VCOOutputFreq_Value=336000000
NVIC.SysTick_IRQn=true\:0\:0\:false\:false\:true\:true\:true
ProjectManager.LastFirmware=true
Dma.ADC1.0.RequestParameters=Instance,Direction,PeriphInc,MemInc,PeriphDataAlignment,MemDataAlignment,Mode,Priority,FIFOMode
ProjectManager.FirmwarePackage=STM32Cube FW_F4 V1.26.2
MxDb.Version=DB.6.0.21
RCC.APB2Freq_Value=84000000
ProjectManager.BackupPrevious=false
MxCube.Version=6.2.1
RCC.VCOInputFreq_Value=2000000
VP_ADC1_TempSens_Input.Signal=ADC1_TempSens_Input
Dma.ADC1.0.PeriphInc=DMA_PINC_DISABLE
File.Version=6
VP_SYS_VS_Systick.Mode=SysTick
RCC.EthernetFreq_Value=168000000
NVIC.NonMaskableInt_IRQn=true\:0\:0\:false\:false\:true\:true\:false
NVIC.PendSV_IRQn=true\:0\:0\:false\:false\:true\:true\:false
ADC1.DMAContinuousRequests=ENABLE
ADC1.NbrOfConversion=1
ProjectManager.FreePins=false
RCC.IPParameters=48MHZClocksFreq_Value,AHBFreq_Value,APB1CLKDivider,APB1Freq_Value,APB1TimFreq_Value,APB2CLKDivider,APB2Freq_Value,APB2TimFreq_Value,CortexFreq_Value,EthernetFreq_Value,FCLKCortexFreq_Value,FamilyName,HCLKFreq_Value,HSE_VALUE,HSI_VALUE,I2SClocksFreq_Value,LSI_VALUE,MCO2PinFreq_Value,PLLCLKFreq_Value,PLLM,PLLN,PLLQ,PLLQCLKFreq_Value,RTCFreq_Value,RTCHSEDivFreq_Value,SYSCLKFreq_VALUE,SYSCLKSource,VCOI2SOutputFreq_Value,VCOInputFreq_Value,VCOOutputFreq_Value,VcooutputI2S
ProjectManager.AskForMigrate=true
Mcu.Name=STM32F407V(E-G)Tx
Dma.RequestsNb=1
ProjectManager.HalAssertFull=false
ADC1.SamplingTime-0\#ChannelRegularConversion=ADC_SAMPLETIME_28CYCLES
RCC.RTCHSEDivFreq_Value=4000000
ProjectManager.ProjectName=double_BUF
ProjectManager.UnderRoot=true
PD14.Signal=GPIO_Output
ProjectManager.CoupleFile=false
RCC.48MHZClocksFreq_Value=48000000
RCC.MCO2PinFreq_Value=168000000
RCC.SYSCLKFreq_VALUE=168000000
Mcu.Package=LQFP100
ADC1.master=1
NVIC.ForceEnableDMAVector=true
KeepUserPlacement=false
NVIC.MemoryManagement_IRQn=true\:0\:0\:false\:false\:true\:true\:false
ProjectManager.CompilerOptimize=6
ProjectManager.ToolChainLocation=
PD14.Locked=true
RCC.LSI_VALUE=32000
VP_SYS_VS_Systick.Signal=SYS_VS_Systick
Dma.ADC1.0.MemInc=DMA_MINC_ENABLE
ProjectManager.HeapSize=0x200
NVIC.HardFault_IRQn=true\:0\:0\:false\:false\:true\:true\:false
ProjectManager.ComputerToolchain=false
RCC.HSI_VALUE=16000000
RCC.PLLQ=7
NVIC.PriorityGroup=NVIC_PRIORITYGROUP_0
ADC1.NbrOfConversionFlag=1
RCC.APB2CLKDivider=RCC_HCLK_DIV2
RCC.PLLM=8
RCC.PLLN=168
RCC.APB1TimFreq_Value=84000000
NVIC.BusFault_IRQn=true\:0\:0\:false\:false\:true\:true\:false
Dma.ADC1.0.FIFOMode=DMA_FIFOMODE_DISABLE
Dma.Request0=ADC1
RCC.APB1Freq_Value=42000000
ProjectManager.CustomerFirmwarePackage=
ProjectManager.DeviceId=STM32F407VGTx
ProjectManager.LibraryCopy=1
isbadioc=false
